
Microsoft Visual Studio Solution File, Format Version 12.00
# Visual Studio 15
VisualStudioVersion = 15.0.27428.1
MinimumVisualStudioVersion = 10.0.40219.1
Project("{FAE04EC0-301F-11D3-BF4B-00C04F79EFBC}") = "WiWeWa.Android", "WiWeWa\WiWeWa.Android\WiWeWa.Android.csproj", "{91ED6D2D-A739-4776-82F0-A4B28842A074}"
EndProject
Project("{FAE04EC0-301F-11D3-BF4B-00C04F79EFBC}") = "WiWeWa.iOS", "WiWeWa\WiWeWa.iOS\WiWeWa.iOS.csproj", "{D7BB2D49-8F1C-495F-AA08-213CD3D693A1}"
EndProject
Project("{FAE04EC0-301F-11D3-BF4B-00C04F79EFBC}") = "WiWeWa.UWP", "WiWeWa\WiWeWa.UWP\WiWeWa.UWP.csproj", "{1F11B660-7EF9-4FCB-960F-DB24BA685EFB}"
EndProject
Project("{FAE04EC0-301F-11D3-BF4B-00C04F79EFBC}") = "WiWeWa", "WiWeWa\WiWeWa\WiWeWa.csproj", "{25847A0F-4E1E-47D8-A2CC-9D17A0E61E6E}"
EndProject
Global
	GlobalSection(SolutionConfigurationPlatforms) = preSolution
		Ad-Hoc|Any CPU = Ad-Hoc|Any CPU
		Ad-Hoc|ARM = Ad-Hoc|ARM
		Ad-Hoc|iPhone = Ad-Hoc|iPhone
		Ad-Hoc|iPhoneSimulator = Ad-Hoc|iPhoneSimulator
		Ad-Hoc|x64 = Ad-Hoc|x64
		Ad-Hoc|x86 = Ad-Hoc|x86
		AppStore|Any CPU = AppStore|Any CPU
		AppStore|ARM = AppStore|ARM
		AppStore|iPhone = AppStore|iPhone
		AppStore|iPhoneSimulator = AppStore|iPhoneSimulator
		AppStore|x64 = AppStore|x64
		AppStore|x86 = AppStore|x86
		Debug|Any CPU = Debug|Any CPU
		Debug|ARM = Debug|ARM
		Debug|iPhone = Debug|iPhone
		Debug|iPhoneSimulator = Debug|iPhoneSimulator
		Debug|x64 = Debug|x64
		Debug|x86 = Debug|x86
		Release|Any CPU = Release|Any CPU
		Release|ARM = Release|ARM
		Release|iPhone = Release|iPhone
		Release|iPhoneSimulator = Release|iPhoneSimulator
		Release|x64 = Release|x64
		Release|x86 = Release|x86
	EndGlobalSection
	GlobalSection(ProjectConfigurationPlatforms) = postSolution
		{91ED6D2D-A739-4776-82F0-A4B28842A074}.Ad-Hoc|Any CPU.ActiveCfg = Release|Any CPU
		{91ED6D2D-A739-4776-82F0-A4B28842A074}.Ad-Hoc|Any CPU.Build.0 = Release|Any CPU
		{91ED6D2D-A739-4776-82F0-A4B28842A074}.Ad-Hoc|Any CPU.Deploy.0 = Release|Any CPU
		{91ED6D2D-A739-4776-82F0-A4B28842A074}.Ad-Hoc|ARM.ActiveCfg = Release|Any CPU
		{91ED6D2D-A739-4776-82F0-A4B28842A074}.Ad-Hoc|ARM.Build.0 = Release|Any CPU
		{91ED6D2D-A739-4776-82F0-A4B28842A074}.Ad-Hoc|ARM.Deploy.0 = Release|Any CPU
		{91ED6D2D-A739-4776-82F0-A4B28842A074}.Ad-Hoc|iPhone.ActiveCfg = Release|Any CPU
		{91ED6D2D-A739-4776-82F0-A4B28842A074}.Ad-Hoc|iPhone.Build.0 = Release|Any CPU
		{91ED6D2D-A739-4776-82F0-A4B28842A074}.Ad-Hoc|iPhone.Deploy.0 = Release|Any CPU
		{91ED6D2D-A739-4776-82F0-A4B28842A074}.Ad-Hoc|iPhoneSimulator.ActiveCfg = Release|Any CPU
		{91ED6D2D-A739-4776-82F0-A4B28842A074}.Ad-Hoc|iPhoneSimulator.Build.0 = Release|Any CPU
		{91ED6D2D-A739-4776-82F0-A4B28842A074}.Ad-Hoc|iPhoneSimulator.Deploy.0 = Release|Any CPU
		{91ED6D2D-A739-4776-82F0-A4B28842A074}.Ad-Hoc|x64.ActiveCfg = Release|Any CPU
		{91ED6D2D-A739-4776-82F0-A4B28842A074}.Ad-Hoc|x64.Build.0 = Release|Any CPU
		{91ED6D2D-A739-4776-82F0-A4B28842A074}.Ad-Hoc|x64.Deploy.0 = Release|Any CPU
		{91ED6D2D-A739-4776-82F0-A4B28842A074}.Ad-Hoc|x86.ActiveCfg = Release|Any CPU
		{91ED6D2D-A739-4776-82F0-A4B28842A074}.Ad-Hoc|x86.Build.0 = Release|Any CPU
		{91ED6D2D-A739-4776-82F0-A4B28842A074}.Ad-Hoc|x86.Deploy.0 = Release|Any CPU
		{91ED6D2D-A739-4776-82F0-A4B28842A074}.AppStore|Any CPU.ActiveCfg = Release|Any CPU
		{91ED6D2D-A739-4776-82F0-A4B28842A074}.AppStore|Any CPU.Build.0 = Release|Any CPU
		{91ED6D2D-A739-4776-82F0-A4B28842A074}.AppStore|Any CPU.Deploy.0 = Release|Any CPU
		{91ED6D2D-A739-4776-82F0-A4B28842A074}.AppStore|ARM.ActiveCfg = Release|Any CPU
		{91ED6D2D-A739-4776-82F0-A4B28842A074}.AppStore|ARM.Build.0 = Release|Any CPU
		{91ED6D2D-A739-4776-82F0-A4B28842A074}.AppStore|ARM.Deploy.0 = Release|Any CPU
		{91ED6D2D-A739-4776-82F0-A4B28842A074}.AppStore|iPhone.ActiveCfg = Release|Any CPU
		{91ED6D2D-A739-4776-82F0-A4B28842A074}.AppStore|iPhone.Build.0 = Release|Any CPU
		{91ED6D2D-A739-4776-82F0-A4B28842A074}.AppStore|iPhone.Deploy.0 = Release|Any CPU
		{91ED6D2D-A739-4776-82F0-A4B28842A074}.AppStore|iPhoneSimulator.ActiveCfg = Release|Any CPU
		{91ED6D2D-A739-4776-82F0-A4B28842A074}.AppStore|iPhoneSimulator.Build.0 = Release|Any CPU
		{91ED6D2D-A739-4776-82F0-A4B28842A074}.AppStore|iPhoneSimulator.Deploy.0 = Release|Any CPU
		{91ED6D2D-A739-4776-82F0-A4B28842A074}.AppStore|x64.ActiveCfg = Release|Any CPU
		{91ED6D2D-A739-4776-82F0-A4B28842A074}.AppStore|x64.Build.0 = Release|Any CPU
		{91ED6D2D-A739-4776-82F0-A4B28842A074}.AppStore|x64.Deploy.0 = Release|Any CPU
		{91ED6D2D-A739-4776-82F0-A4B28842A074}.AppStore|x86.ActiveCfg = Release|Any CPU
		{91ED6D2D-A739-4776-82F0-A4B28842A074}.AppStore|x86.Build.0 = Release|Any CPU
		{91ED6D2D-A739-4776-82F0-A4B28842A074}.AppStore|x86.Deploy.0 = Release|Any CPU
		{91ED6D2D-A739-4776-82F0-A4B28842A074}.Debug|Any CPU.ActiveCfg = Debug|Any CPU
		{91ED6D2D-A739-4776-82F0-A4B28842A074}.Debug|Any CPU.Build.0 = Debug|Any CPU
		{91ED6D2D-A739-4776-82F0-A4B28842A074}.Debug|Any CPU.Deploy.0 = Debug|Any CPU
		{91ED6D2D-A739-4776-82F0-A4B28842A074}.Debug|ARM.ActiveCfg = Debug|Any CPU
		{91ED6D2D-A739-4776-82F0-A4B28842A074}.Debug|ARM.Build.0 = Debug|Any CPU
		{91ED6D2D-A739-4776-82F0-A4B28842A074}.Debug|ARM.Deploy.0 = Debug|Any CPU
		{91ED6D2D-A739-4776-82F0-A4B28842A074}.Debug|iPhone.ActiveCfg = Debug|Any CPU
		{91ED6D2D-A739-4776-82F0-A4B28842A074}.Debug|iPhone.Build.0 = Debug|Any CPU
		{91ED6D2D-A739-4776-82F0-A4B28842A074}.Debug|iPhone.Deploy.0 = Debug|Any CPU
		{91ED6D2D-A739-4776-82F0-A4B28842A074}.Debug|iPhoneSimulator.ActiveCfg = Debug|Any CPU
		{91ED6D2D-A739-4776-82F0-A4B28842A074}.Debug|iPhoneSimulator.Build.0 = Debug|Any CPU
		{91ED6D2D-A739-4776-82F0-A4B28842A074}.Debug|iPhoneSimulator.Deploy.0 = Debug|Any CPU
		{91ED6D2D-A739-4776-82F0-A4B28842A074}.Debug|x64.ActiveCfg = Debug|Any CPU
		{91ED6D2D-A739-4776-82F0-A4B28842A074}.Debug|x64.Build.0 = Debug|Any CPU
		{91ED6D2D-A739-4776-82F0-A4B28842A074}.Debug|x64.Deploy.0 = Debug|Any CPU
		{91ED6D2D-A739-4776-82F0-A4B28842A074}.Debug|x86.ActiveCfg = Debug|Any CPU
		{91ED6D2D-A739-4776-82F0-A4B28842A074}.Debug|x86.Build.0 = Debug|Any CPU
		{91ED6D2D-A739-4776-82F0-A4B28842A074}.Debug|x86.Deploy.0 = Debug|Any CPU
		{91ED6D2D-A739-4776-82F0-A4B28842A074}.Release|Any CPU.ActiveCfg = Release|Any CPU
		{91ED6D2D-A739-4776-82F0-A4B28842A074}.Release|Any CPU.Build.0 = Release|Any CPU
		{91ED6D2D-A739-4776-82F0-A4B28842A074}.Release|Any CPU.Deploy.0 = Release|Any CPU
		{91ED6D2D-A739-4776-82F0-A4B28842A074}.Release|ARM.ActiveCfg = Release|Any CPU
		{91ED6D2D-A739-4776-82F0-A4B28842A074}.Release|ARM.Build.0 = Release|Any CPU
		{91ED6D2D-A739-4776-82F0-A4B28842A074}.Release|ARM.Deploy.0 = Release|Any CPU
		{91ED6D2D-A739-4776-82F0-A4B28842A074}.Release|iPhone.ActiveCfg = Release|Any CPU
		{91ED6D2D-A739-4776-82F0-A4B28842A074}.Release|iPhone.Build.0 = Release|Any CPU
		{91ED6D2D-A739-4776-82F0-A4B28842A074}.Release|iPhone.Deploy.0 = Release|Any CPU
		{91ED6D2D-A739-4776-82F0-A4B28842A074}.Release|iPhoneSimulator.ActiveCfg = Release|Any CPU
		{91ED6D2D-A739-4776-82F0-A4B28842A074}.Release|iPhoneSimulator.Build.0 = Release|Any CPU
		{91ED6D2D-A739-4776-82F0-A4B28842A074}.Release|iPhoneSimulator.Deploy.0 = Release|Any CPU
		{91ED6D2D-A739-4776-82F0-A4B28842A074}.Release|x64.ActiveCfg = Release|Any CPU
		{91ED6D2D-A739-4776-82F0-A4B28842A074}.Release|x64.Build.0 = Release|Any CPU
		{91ED6D2D-A739-4776-82F0-A4B28842A074}.Release|x64.Deploy.0 = Release|Any CPU
		{91ED6D2D-A739-4776-82F0-A4B28842A074}.Release|x86.ActiveCfg = Release|Any CPU
		{91ED6D2D-A739-4776-82F0-A4B28842A074}.Release|x86.Build.0 = Release|Any CPU
		{91ED6D2D-A739-4776-82F0-A4B28842A074}.Release|x86.Deploy.0 = Release|Any CPU
		{D7BB2D49-8F1C-495F-AA08-213CD3D693A1}.Ad-Hoc|Any CPU.ActiveCfg = Ad-Hoc|iPhone
		{D7BB2D49-8F1C-495F-AA08-213CD3D693A1}.Ad-Hoc|ARM.ActiveCfg = Ad-Hoc|iPhone
		{D7BB2D49-8F1C-495F-AA08-213CD3D693A1}.Ad-Hoc|iPhone.ActiveCfg = Ad-Hoc|iPhone
		{D7BB2D49-8F1C-495F-AA08-213CD3D693A1}.Ad-Hoc|iPhone.Build.0 = Ad-Hoc|iPhone
		{D7BB2D49-8F1C-495F-AA08-213CD3D693A1}.Ad-Hoc|iPhoneSimulator.ActiveCfg = Ad-Hoc|iPhoneSimulator
		{D7BB2D49-8F1C-495F-AA08-213CD3D693A1}.Ad-Hoc|iPhoneSimulator.Build.0 = Ad-Hoc|iPhoneSimulator
		{D7BB2D49-8F1C-495F-AA08-213CD3D693A1}.Ad-Hoc|x64.ActiveCfg = Ad-Hoc|iPhone
		{D7BB2D49-8F1C-495F-AA08-213CD3D693A1}.Ad-Hoc|x86.ActiveCfg = Ad-Hoc|iPhone
		{D7BB2D49-8F1C-495F-AA08-213CD3D693A1}.AppStore|Any CPU.ActiveCfg = AppStore|iPhone
		{D7BB2D49-8F1C-495F-AA08-213CD3D693A1}.AppStore|ARM.ActiveCfg = AppStore|iPhone
		{D7BB2D49-8F1C-495F-AA08-213CD3D693A1}.AppStore|iPhone.ActiveCfg = AppStore|iPhone
		{D7BB2D49-8F1C-495F-AA08-213CD3D693A1}.AppStore|iPhone.Build.0 = AppStore|iPhone
		{D7BB2D49-8F1C-495F-AA08-213CD3D693A1}.AppStore|iPhoneSimulator.ActiveCfg = AppStore|iPhoneSimulator
		{D7BB2D49-8F1C-495F-AA08-213CD3D693A1}.AppStore|iPhoneSimulator.Build.0 = AppStore|iPhoneSimulator
		{D7BB2D49-8F1C-495F-AA08-213CD3D693A1}.AppStore|x64.ActiveCfg = AppStore|iPhone
		{D7BB2D49-8F1C-495F-AA08-213CD3D693A1}.AppStore|x86.ActiveCfg = AppStore|iPhone
		{D7BB2D49-8F1C-495F-AA08-213CD3D693A1}.Debug|Any CPU.ActiveCfg = Debug|iPhone
		{D7BB2D49-8F1C-495F-AA08-213CD3D693A1}.Debug|ARM.ActiveCfg = Debug|iPhone
		{D7BB2D49-8F1C-495F-AA08-213CD3D693A1}.Debug|iPhone.ActiveCfg = Debug|iPhone
		{D7BB2D49-8F1C-495F-AA08-213CD3D693A1}.Debug|iPhone.Build.0 = Debug|iPhone
		{D7BB2D49-8F1C-495F-AA08-213CD3D693A1}.Debug|iPhoneSimulator.ActiveCfg = Debug|iPhoneSimulator
		{D7BB2D49-8F1C-495F-AA08-213CD3D693A1}.Debug|iPhoneSimulator.Build.0 = Debug|iPhoneSimulator
		{D7BB2D49-8F1C-495F-AA08-213CD3D693A1}.Debug|x64.ActiveCfg = Debug|iPhone
		{D7BB2D49-8F1C-495F-AA08-213CD3D693A1}.Debug|x86.ActiveCfg = Debug|iPhone
		{D7BB2D49-8F1C-495F-AA08-213CD3D693A1}.Release|Any CPU.ActiveCfg = Release|iPhone
		{D7BB2D49-8F1C-495F-AA08-213CD3D693A1}.Release|ARM.ActiveCfg = Release|iPhone
		{D7BB2D49-8F1C-495F-AA08-213CD3D693A1}.Release|iPhone.ActiveCfg = Release|iPhone
		{D7BB2D49-8F1C-495F-AA08-213CD3D693A1}.Release|iPhone.Build.0 = Release|iPhone
		{D7BB2D49-8F1C-495F-AA08-213CD3D693A1}.Release|iPhoneSimulator.ActiveCfg = Release|iPhoneSimulator
		{D7BB2D49-8F1C-495F-AA08-213CD3D693A1}.Release|iPhoneSimulator.Build.0 = Release|iPhoneSimulator
		{D7BB2D49-8F1C-495F-AA08-213CD3D693A1}.Release|x64.ActiveCfg = Release|iPhone
		{D7BB2D49-8F1C-495F-AA08-213CD3D693A1}.Release|x86.ActiveCfg = Release|iPhone
		{1F11B660-7EF9-4FCB-960F-DB24BA685EFB}.Ad-Hoc|Any CPU.ActiveCfg = Release|x86
		{1F11B660-7EF9-4FCB-960F-DB24BA685EFB}.Ad-Hoc|Any CPU.Build.0 = Release|x86
		{1F11B660-7EF9-4FCB-960F-DB24BA685EFB}.Ad-Hoc|Any CPU.Deploy.0 = Release|x86
		{1F11B660-7EF9-4FCB-960F-DB24BA685EFB}.Ad-Hoc|ARM.ActiveCfg = Release|ARM
		{1F11B660-7EF9-4FCB-960F-DB24BA685EFB}.Ad-Hoc|ARM.Build.0 = Release|ARM
		{1F11B660-7EF9-4FCB-960F-DB24BA685EFB}.Ad-Hoc|ARM.Deploy.0 = Release|ARM
		{1F11B660-7EF9-4FCB-960F-DB24BA685EFB}.Ad-Hoc|iPhone.ActiveCfg = Release|x86
		{1F11B660-7EF9-4FCB-960F-DB24BA685EFB}.Ad-Hoc|iPhone.Build.0 = Release|x86
		{1F11B660-7EF9-4FCB-960F-DB24BA685EFB}.Ad-Hoc|iPhone.Deploy.0 = Release|x86
		{1F11B660-7EF9-4FCB-960F-DB24BA685EFB}.Ad-Hoc|iPhoneSimulator.ActiveCfg = Release|x86
		{1F11B660-7EF9-4FCB-960F-DB24BA685EFB}.Ad-Hoc|iPhoneSimulator.Build.0 = Release|x86
		{1F11B660-7EF9-4FCB-960F-DB24BA685EFB}.Ad-Hoc|iPhoneSimulator.Deploy.0 = Release|x86
		{1F11B660-7EF9-4FCB-960F-DB24BA685EFB}.Ad-Hoc|x64.ActiveCfg = Release|x64
		{1F11B660-7EF9-4FCB-960F-DB24BA685EFB}.Ad-Hoc|x64.Build.0 = Release|x64
		{1F11B660-7EF9-4FCB-960F-DB24BA685EFB}.Ad-Hoc|x64.Deploy.0 = Release|x64
		{1F11B660-7EF9-4FCB-960F-DB24BA685EFB}.Ad-Hoc|x86.ActiveCfg = Release|x86
		{1F11B660-7EF9-4FCB-960F-DB24BA685EFB}.Ad-Hoc|x86.Build.0 = Release|x86
		{1F11B660-7EF9-4FCB-960F-DB24BA685EFB}.Ad-Hoc|x86.Deploy.0 = Release|x86
		{1F11B660-7EF9-4FCB-960F-DB24BA685EFB}.AppStore|Any CPU.ActiveCfg = Release|x86
		{1F11B660-7EF9-4FCB-960F-DB24BA685EFB}.AppStore|Any CPU.Build.0 = Release|x86
		{1F11B660-7EF9-4FCB-960F-DB24BA685EFB}.AppStore|Any CPU.Deploy.0 = Release|x86
		{1F11B660-7EF9-4FCB-960F-DB24BA685EFB}.AppStore|ARM.ActiveCfg = Release|ARM
		{1F11B660-7EF9-4FCB-960F-DB24BA685EFB}.AppStore|ARM.Build.0 = Release|ARM
		{1F11B660-7EF9-4FCB-960F-DB24BA685EFB}.AppStore|ARM.Deploy.0 = Release|ARM
		{1F11B660-7EF9-4FCB-960F-DB24BA685EFB}.AppStore|iPhone.ActiveCfg = Release|x86
		{1F11B660-7EF9-4FCB-960F-DB24BA685EFB}.AppStore|iPhone.Build.0 = Release|x86
		{1F11B660-7EF9-4FCB-960F-DB24BA685EFB}.AppStore|iPhone.Deploy.0 = Release|x86
		{1F11B660-7EF9-4FCB-960F-DB24BA685EFB}.AppStore|iPhoneSimulator.ActiveCfg = Release|x86
		{1F11B660-7EF9-4FCB-960F-DB24BA685EFB}.AppStore|iPhoneSimulator.Build.0 = Release|x86
		{1F11B660-7EF9-4FCB-960F-DB24BA685EFB}.AppStore|iPhoneSimulator.Deploy.0 = Release|x86
		{1F11B660-7EF9-4FCB-960F-DB24BA685EFB}.AppStore|x64.ActiveCfg = Release|x64
		{1F11B660-7EF9-4FCB-960F-DB24BA685EFB}.AppStore|x64.Build.0 = Release|x64
		{1F11B660-7EF9-4FCB-960F-DB24BA685EFB}.AppStore|x64.Deploy.0 = Release|x64
		{1F11B660-7EF9-4FCB-960F-DB24BA685EFB}.AppStore|x86.ActiveCfg = Release|x86
		{1F11B660-7EF9-4FCB-960F-DB24BA685EFB}.AppStore|x86.Build.0 = Release|x86
		{1F11B660-7EF9-4FCB-960F-DB24BA685EFB}.AppStore|x86.Deploy.0 = Release|x86
		{1F11B660-7EF9-4FCB-960F-DB24BA685EFB}.Debug|Any CPU.ActiveCfg = Debug|x86
		{1F11B660-7EF9-4FCB-960F-DB24BA685EFB}.Debug|ARM.ActiveCfg = Debug|ARM
		{1F11B660-7EF9-4FCB-960F-DB24BA685EFB}.Debug|ARM.Build.0 = Debug|ARM
		{1F11B660-7EF9-4FCB-960F-DB24BA685EFB}.Debug|ARM.Deploy.0 = Debug|ARM
		{1F11B660-7EF9-4FCB-960F-DB24BA685EFB}.Debug|iPhone.ActiveCfg = Debug|x86
		{1F11B660-7EF9-4FCB-960F-DB24BA685EFB}.Debug|iPhoneSimulator.ActiveCfg = Debug|x86
		{1F11B660-7EF9-4FCB-960F-DB24BA685EFB}.Debug|x64.ActiveCfg = Debug|x64
		{1F11B660-7EF9-4FCB-960F-DB24BA685EFB}.Debug|x64.Build.0 = Debug|x64
		{1F11B660-7EF9-4FCB-960F-DB24BA685EFB}.Debug|x64.Deploy.0 = Debug|x64
		{1F11B660-7EF9-4FCB-960F-DB24BA685EFB}.Debug|x86.ActiveCfg = Debug|x86
		{1F11B660-7EF9-4FCB-960F-DB24BA685EFB}.Debug|x86.Build.0 = Debug|x86
		{1F11B660-7EF9-4FCB-960F-DB24BA685EFB}.Debug|x86.Deploy.0 = Debug|x86
		{1F11B660-7EF9-4FCB-960F-DB24BA685EFB}.Release|Any CPU.ActiveCfg = Release|x86
		{1F11B660-7EF9-4FCB-960F-DB24BA685EFB}.Release|ARM.ActiveCfg = Release|ARM
		{1F11B660-7EF9-4FCB-960F-DB24BA685EFB}.Release|ARM.Build.0 = Release|ARM
		{1F11B660-7EF9-4FCB-960F-DB24BA685EFB}.Release|ARM.Deploy.0 = Release|ARM
		{1F11B660-7EF9-4FCB-960F-DB24BA685EFB}.Release|iPhone.ActiveCfg = Release|x86
		{1F11B660-7EF9-4FCB-960F-DB24BA685EFB}.Release|iPhoneSimulator.ActiveCfg = Release|x86
		{1F11B660-7EF9-4FCB-960F-DB24BA685EFB}.Release|x64.ActiveCfg = Release|x64
		{1F11B660-7EF9-4FCB-960F-DB24BA685EFB}.Release|x64.Build.0 = Release|x64
		{1F11B660-7EF9-4FCB-960F-DB24BA685EFB}.Release|x64.Deploy.0 = Release|x64
		{1F11B660-7EF9-4FCB-960F-DB24BA685EFB}.Release|x86.ActiveCfg = Release|x86
		{1F11B660-7EF9-4FCB-960F-DB24BA685EFB}.Release|x86.Build.0 = Release|x86
		{1F11B660-7EF9-4FCB-960F-DB24BA685EFB}.Release|x86.Deploy.0 = Release|x86
		{25847A0F-4E1E-47D8-A2CC-9D17A0E61E6E}.Ad-Hoc|Any CPU.ActiveCfg = Debug|Any CPU
		{25847A0F-4E1E-47D8-A2CC-9D17A0E61E6E}.Ad-Hoc|Any CPU.Build.0 = Debug|Any CPU
		{25847A0F-4E1E-47D8-A2CC-9D17A0E61E6E}.Ad-Hoc|ARM.ActiveCfg = Debug|Any CPU
		{25847A0F-4E1E-47D8-A2CC-9D17A0E61E6E}.Ad-Hoc|ARM.Build.0 = Debug|Any CPU
		{25847A0F-4E1E-47D8-A2CC-9D17A0E61E6E}.Ad-Hoc|iPhone.ActiveCfg = Debug|Any CPU
		{25847A0F-4E1E-47D8-A2CC-9D17A0E61E6E}.Ad-Hoc|iPhone.Build.0 = Debug|Any CPU
		{25847A0F-4E1E-47D8-A2CC-9D17A0E61E6E}.Ad-Hoc|iPhoneSimulator.ActiveCfg = Debug|Any CPU
		{25847A0F-4E1E-47D8-A2CC-9D17A0E61E6E}.Ad-Hoc|iPhoneSimulator.Build.0 = Debug|Any CPU
		{25847A0F-4E1E-47D8-A2CC-9D17A0E61E6E}.Ad-Hoc|x64.ActiveCfg = Debug|Any CPU
		{25847A0F-4E1E-47D8-A2CC-9D17A0E61E6E}.Ad-Hoc|x64.Build.0 = Debug|Any CPU
		{25847A0F-4E1E-47D8-A2CC-9D17A0E61E6E}.Ad-Hoc|x86.ActiveCfg = Debug|Any CPU
		{25847A0F-4E1E-47D8-A2CC-9D17A0E61E6E}.Ad-Hoc|x86.Build.0 = Debug|Any CPU
		{25847A0F-4E1E-47D8-A2CC-9D17A0E61E6E}.AppStore|Any CPU.ActiveCfg = Debug|Any CPU
		{25847A0F-4E1E-47D8-A2CC-9D17A0E61E6E}.AppStore|Any CPU.Build.0 = Debug|Any CPU
		{25847A0F-4E1E-47D8-A2CC-9D17A0E61E6E}.AppStore|ARM.ActiveCfg = Debug|Any CPU
		{25847A0F-4E1E-47D8-A2CC-9D17A0E61E6E}.AppStore|ARM.Build.0 = Debug|Any CPU
		{25847A0F-4E1E-47D8-A2CC-9D17A0E61E6E}.AppStore|iPhone.ActiveCfg = Debug|Any CPU
		{25847A0F-4E1E-47D8-A2CC-9D17A0E61E6E}.AppStore|iPhone.Build.0 = Debug|Any CPU
		{25847A0F-4E1E-47D8-A2CC-9D17A0E61E6E}.AppStore|iPhoneSimulator.ActiveCfg = Debug|Any CPU
		{25847A0F-4E1E-47D8-A2CC-9D17A0E61E6E}.AppStore|iPhoneSimulator.Build.0 = Debug|Any CPU
		{25847A0F-4E1E-47D8-A2CC-9D17A0E61E6E}.AppStore|x64.ActiveCfg = Debug|Any CPU
		{25847A0F-4E1E-47D8-A2CC-9D17A0E61E6E}.AppStore|x64.Build.0 = Debug|Any CPU
		{25847A0F-4E1E-47D8-A2CC-9D17A0E61E6E}.AppStore|x86.ActiveCfg = Debug|Any CPU
		{25847A0F-4E1E-47D8-A2CC-9D17A0E61E6E}.AppStore|x86.Build.0 = Debug|Any CPU
		{25847A0F-4E1E-47D8-A2CC-9D17A0E61E6E}.Debug|Any CPU.ActiveCfg = Debug|Any CPU
		{25847A0F-4E1E-47D8-A2CC-9D17A0E61E6E}.Debug|Any CPU.Build.0 = Debug|Any CPU
		{25847A0F-4E1E-47D8-A2CC-9D17A0E61E6E}.Debug|ARM.ActiveCfg = Debug|Any CPU
		{25847A0F-4E1E-47D8-A2CC-9D17A0E61E6E}.Debug|ARM.Build.0 = Debug|Any CPU
		{25847A0F-4E1E-47D8-A2CC-9D17A0E61E6E}.Debug|iPhone.ActiveCfg = Debug|Any CPU
		{25847A0F-4E1E-47D8-A2CC-9D17A0E61E6E}.Debug|iPhone.Build.0 = Debug|Any CPU
		{25847A0F-4E1E-47D8-A2CC-9D17A0E61E6E}.Debug|iPhoneSimulator.ActiveCfg = Debug|Any CPU
		{25847A0F-4E1E-47D8-A2CC-9D17A0E61E6E}.Debug|iPhoneSimulator.Build.0 = Debug|Any CPU
		{25847A0F-4E1E-47D8-A2CC-9D17A0E61E6E}.Debug|x64.ActiveCfg = Debug|Any CPU
		{25847A0F-4E1E-47D8-A2CC-9D17A0E61E6E}.Debug|x64.Build.0 = Debug|Any CPU
		{25847A0F-4E1E-47D8-A2CC-9D17A0E61E6E}.Debug|x86.ActiveCfg = Debug|Any CPU
		{25847A0F-4E1E-47D8-A2CC-9D17A0E61E6E}.Debug|x86.Build.0 = Debug|Any CPU
		{25847A0F-4E1E-47D8-A2CC-9D17A0E61E6E}.Release|Any CPU.ActiveCfg = Release|Any CPU
		{25847A0F-4E1E-47D8-A2CC-9D17A0E61E6E}.Release|Any CPU.Build.0 = Release|Any CPU
		{25847A0F-4E1E-47D8-A2CC-9D17A0E61E6E}.Release|ARM.ActiveCfg = Release|Any CPU
		{25847A0F-4E1E-47D8-A2CC-9D17A0E61E6E}.Release|ARM.Build.0 = Release|Any CPU
		{25847A0F-4E1E-47D8-A2CC-9D17A0E61E6E}.Release|iPhone.ActiveCfg = Release|Any CPU
		{25847A0F-4E1E-47D8-A2CC-9D17A0E61E6E}.Release|iPhone.Build.0 = Release|Any CPU
		{25847A0F-4E1E-47D8-A2CC-9D17A0E61E6E}.Release|iPhoneSimulator.ActiveCfg = Release|Any CPU
		{25847A0F-4E1E-47D8-A2CC-9D17A0E61E6E}.Release|iPhoneSimulator.Build.0 = Release|Any CPU
		{25847A0F-4E1E-47D8-A2CC-9D17A0E61E6E}.Release|x64.ActiveCfg = Release|Any CPU
		{25847A0F-4E1E-47D8-A2CC-9D17A0E61E6E}.Release|x64.Build.0 = Release|Any CPU
		{25847A0F-4E1E-47D8-A2CC-9D17A0E61E6E}.Release|x86.ActiveCfg = Release|Any CPU
		{25847A0F-4E1E-47D8-A2CC-9D17A0E61E6E}.Release|x86.Build.0 = Release|Any CPU
	EndGlobalSection
	GlobalSection(SolutionProperties) = preSolution
		HideSolutionNode = FALSE
	EndGlobalSection
	GlobalSection(ExtensibilityGlobals) = postSolution
		SolutionGuid = {84175315-61F8-445C-9571-10C381B890EC}
	EndGlobalSection
EndGlobal
